
Microsoft Visual Studio Solution File, Format Version 12.00
# Visual Studio 15
VisualStudioVersion = 15.0.27130.2010
MinimumVisualStudioVersion = 10.0.40219.1
Project("{888888A0-9F3D-457C-B088-3A5042F75D52}") = "txtEd", "txtEd\txtEd.pyproj", "{9C578218-7C34-4180-87FD-2BC5BDEC6BB9}"
EndProject
Global
	GlobalSection(SolutionConfigurationPlatforms) = preSolution
		Debug|Any CPU = Debug|Any CPU
		Release|Any CPU = Release|Any CPU
	EndGlobalSection
	GlobalSection(ProjectConfigurationPlatforms) = postSolution
		{9C578218-7C34-4180-87FD-2BC5BDEC6BB9}.Debug|Any CPU.ActiveCfg = Debug|Any CPU
		{9C578218-7C34-4180-87FD-2BC5BDEC6BB9}.Release|Any CPU.ActiveCfg = Release|Any CPU
	EndGlobalSection
	GlobalSection(SolutionProperties) = preSolution
		HideSolutionNode = FALSE
	EndGlobalSection
	GlobalSection(ExtensibilityGlobals) = postSolution
		SolutionGuid = {5B52CB96-3AC5-419E-8079-C77800E3E2F5}
	EndGlobalSection
EndGlobal
